{
    "_meta": {
        "hash": {
            "sha256": "a4ab1d37df83dda1b5c4902c2f2594169782f48aa5c2ea120c36c0e7a3ae7430"
        },
        "pipfile-spec": 6,
        "requires": {
            "python_version": "3.11"
        },
        "sources": [
            {
                "name": "pypi",
                "url": "https://pypi.org/simple",
                "verify_ssl": true
            }
        ]
    },
    "default": {
        "context-menu": {
            "hashes": [
                "sha256:478a1b104b105260ea3deb53c1473b277fe11af4ac6cbcfd9d64abfb6cc94daa",
                "sha256:47d49c46a9638ab46090787019cdba5e8285862f1487da702a70ffdd82280f6b"
            ],
            "index": "pypi",
            "markers": "python_version >= '3.7'",
            "version": "==1.4.1"
        },
        "jinja2": {
            "hashes": [
                "sha256:0137fb05990d35f1275a587e9aee6d56da821fc83491a0fb838183be43f66d6d",
                "sha256:85ece4451f492d0c13c5dd7c13a64681a86afae63a5f347908daf103ce6d2f67"
            ],
            "markers": "python_version >= '3.7'",
            "version": "==3.1.6"
        },
        "markupsafe": {
            "hashes": [
                "sha256:0bff5e0ae4ef2e1ae4fdf2dfd5b76c75e5c2fa4132d05fc1b0dabcd20c7e28c4",
                "sha256:0f4ca02bea9a23221c0182836703cbf8930c5e9454bacce27e767509fa286a30",
                "sha256:1225beacc926f536dc82e45f8a4d68502949dc67eea90eab715dea3a21c1b5f0",
                "sha256:131a3c7689c85f5ad20f9f6fb1b866f402c445b220c19fe4308c0b147ccd2ad9",
                "sha256:15ab75ef81add55874e7ab7055e9c397312385bd9ced94920f2802310c930396",
                "sha256:1a9d3f5f0901fdec14d8d2f66ef7d035f2157240a433441719ac9a3fba440b13",
                "sha256:1c99d261bd2d5f6b59325c92c73df481e05e57f19837bdca8413b9eac4bd8028",
                "sha256:1e084f686b92e5b83186b07e8a17fc09e38fff551f3602b249881fec658d3eca",
                "sha256:2181e67807fc2fa785d0592dc2d6206c019b9502410671cc905d132a92866557",
                "sha256:2cb8438c3cbb25e220c2ab33bb226559e7afb3baec11c4f218ffa7308603c832",
                "sha256:3169b1eefae027567d1ce6ee7cae382c57fe26e82775f460f0b2778beaad66c0",
                "sha256:3809ede931876f5b2ec92eef964286840ed3540dadf803dd570c3b7e13141a3b",
                "sha256:38a9ef736c01fccdd6600705b09dc574584b89bea478200c5fbf112a6b0d5579",
                "sha256:3d79d162e7be8f996986c064d1c7c817f6df3a77fe3d6859f6f9e7be4b8c213a",
                "sha256:444dcda765c8a838eaae23112db52f1efaf750daddb2d9ca300bcae1039adc5c",
                "sha256:48032821bbdf20f5799ff537c7ac3d1fba0ba032cfc06194faffa8cda8b560ff",
                "sha256:4aa4e5faecf353ed117801a068ebab7b7e09ffb6e1d5e412dc852e0da018126c",
                "sha256:52305740fe773d09cffb16f8ed0427942901f00adedac82ec8b67752f58a1b22",
                "sha256:569511d3b58c8791ab4c2e1285575265991e6d8f8700c7be0e88f86cb0672094",
                "sha256:57cb5a3cf367aeb1d316576250f65edec5bb3be939e9247ae594b4bcbc317dfb",
                "sha256:5b02fb34468b6aaa40dfc198d813a641e3a63b98c2b05a16b9f80b7ec314185e",
                "sha256:6381026f158fdb7c72a168278597a5e3a5222e83ea18f543112b2662a9b699c5",
                "sha256:6af100e168aa82a50e186c82875a5893c5597a0c1ccdb0d8b40240b1f28b969a",
                "sha256:6c89876f41da747c8d3677a2b540fb32ef5715f97b66eeb0c6b66f5e3ef6f59d",
                "sha256:6e296a513ca3d94054c2c881cc913116e90fd030ad1c656b3869762b754f5f8a",
                "sha256:70a87b411535ccad5ef2f1df5136506a10775d267e197e4cf531ced10537bd6b",
                "sha256:7e94c425039cde14257288fd61dcfb01963e658efbc0ff54f5306b06054700f8",
                "sha256:846ade7b71e3536c4e56b386c2a47adf5741d2d8b94ec9dc3e92e5e1ee1e2225",
                "sha256:88416bd1e65dcea10bc7569faacb2c20ce071dd1f87539ca2ab364bf6231393c",
                "sha256:88b49a3b9ff31e19998750c38e030fc7bb937398b1f78cfa599aaef92d693144",
                "sha256:8c4e8c3ce11e1f92f6536ff07154f9d49677ebaaafc32db9db4620bc11ed480f",
                "sha256:8e06879fc22a25ca47312fbe7c8264eb0b662f6db27cb2d3bbbc74b1df4b9b87",
                "sha256:9025b4018f3a1314059769c7bf15441064b2207cb3f065e6ea1e7359cb46db9d",
                "sha256:93335ca3812df2f366e80509ae119189886b0f3c2b81325d39efdb84a1e2ae93",
                "sha256:9778bd8ab0a994ebf6f84c2b949e65736d5575320a17ae8984a77fab08db94cf",
                "sha256:9e2d922824181480953426608b81967de705c3cef4d1af983af849d7bd619158",
                "sha256:a123e330ef0853c6e822384873bef7507557d8e4a082961e1defa947aa59ba84",
                "sha256:a904af0a6162c73e3edcb969eeeb53a63ceeb5d8cf642fade7d39e7963a22ddb",
                "sha256:ad10d3ded218f1039f11a75f8091880239651b52e9bb592ca27de44eed242a48",
                "sha256:b424c77b206d63d500bcb69fa55ed8d0e6a3774056bdc4839fc9298a7edca171",
                "sha256:b5a6b3ada725cea8a5e634536b1b01c30bcdcd7f9c6fff4151548d5bf6b3a36c",
                "sha256:ba8062ed2cf21c07a9e295d5b8a2a5ce678b913b45fdf68c32d95d6c1291e0b6",
                "sha256:ba9527cdd4c926ed0760bc301f6728ef34d841f405abf9d4f959c478421e4efd",
                "sha256:bbcb445fa71794da8f178f0f6d66789a28d7319071af7a496d4d507ed566270d",
                "sha256:bcf3e58998965654fdaff38e58584d8937aa3096ab5354d493c77d1fdd66d7a1",
                "sha256:c0ef13eaeee5b615fb07c9a7dadb38eac06a0608b41570d8ade51c56539e509d",
                "sha256:cabc348d87e913db6ab4aa100f01b08f481097838bdddf7c7a84b7575b7309ca",
                "sha256:cdb82a876c47801bb54a690c5ae105a46b392ac6099881cdfb9f6e95e4014c6a",
                "sha256:cfad01eed2c2e0c01fd0ecd2ef42c492f7f93902e39a42fc9ee1692961443a29",
                "sha256:d16a81a06776313e817c951135cf7340a3e91e8c1ff2fac444cfd75fffa04afe",
                "sha256:d8213e09c917a951de9d09ecee036d5c7d36cb6cb7dbaece4c71a60d79fb9798",
                "sha256:e07c3764494e3776c602c1e78e298937c3315ccc9043ead7e685b7f2b8d47b3c",
                "sha256:e17c96c14e19278594aa4841ec148115f9c7615a47382ecb6b82bd8fea3ab0c8",
                "sha256:e444a31f8db13eb18ada366ab3cf45fd4b31e4db1236a4448f68778c1d1a5a2f",
                "sha256:e6a2a455bd412959b57a172ce6328d2dd1f01cb2135efda2e4576e8a23fa3b0f",
                "sha256:eaa0a10b7f72326f1372a713e73c3f739b524b3af41feb43e4921cb529f5929a",
                "sha256:eb7972a85c54febfb25b5c4b4f3af4dcc731994c7da0d8a0b4a6eb0640e1d178",
                "sha256:ee55d3edf80167e48ea11a923c7386f4669df67d7994554387f84e7d8b0a2bf0",
                "sha256:f3818cb119498c0678015754eba762e0d61e5b52d34c8b13d770f0719f7b1d79",
                "sha256:f8b3d067f2e40fe93e1ccdd6b2e1d16c43140e76f02fb1319a05cf2b79d99430",
                "sha256:fcabf5ff6eea076f859677f5f0b6b5c1a51e70a376b0579e0eadef8db48c6b50"
            ],
            "markers": "python_version >= '3.9'",
            "version": "==3.0.2"
        },
        "pyqt5": {
            "hashes": [
                "sha256:6cd75628f6e732b1ffcfe709ab833a0716c0445d7aec8046a48d5843352becb6",
                "sha256:76be0322ceda5deecd1708a8d628e698089a1cea80d1a49d242a6d579a40babd",
                "sha256:bdde598a3bb95022131a5c9ea62e0a96bd6fb28932cc1619fd7ba211531b7517",
                "sha256:c8b03dd9380bb13c804f0bdb0f4956067f281785b5e12303d529f0462f9afdc2",
                "sha256:cd672a6738d1ae33ef7d9efa8e6cb0a1525ecf53ec86da80a9e1b6ec38c8d0f1",
                "sha256:fda45743ebb4a27b4b1a51c6d8ef455c4c1b5d610c90d2934c7802b5c1557c52"
            ],
            "index": "pypi",
            "markers": "python_version >= '3.8'",
            "version": "==5.15.11"
        },
        "pyqt5-qt5": {
            "hashes": [
                "sha256:1988f364ec8caf87a6ee5d5a3a5210d57539988bf8e84714c7d60972692e2f4a",
                "sha256:750b78e4dba6bdf1607febedc08738e318ea09e9b10aea9ff0d73073f11f6962",
                "sha256:76980cd3d7ae87e3c7a33bfebfaee84448fd650bad6840471d6cae199b56e154",
                "sha256:9cc7a768b1921f4b982ebc00a318ccb38578e44e45316c7a4a850e953e1dd327"
            ],
            "version": "==5.15.2"
        },
        "pyqt5-sip": {
            "hashes": [
                "sha256:023466ae96f72fbb8419b44c3f97475de6642fa5632520d0f50fc1a52a3e8200",
                "sha256:0c75d28b8282be3c1d7dbc76950d6e6eba1e334783224e9b9835ce1a9c64f482",
                "sha256:2c912807dd638644168ea8c7a447bfd9d85a19471b98c2c588c4d2e911c09b0a",
                "sha256:2f2a8dcc7626fe0da73a0918e05ce2460c7a14ddc946049310e6e35052105434",
                "sha256:32b03e7e77ecd7b4119eba486b0706fa59b490bcceb585f9b6ddec8a582082db",
                "sha256:351beab964a19f5671b2a3e816ecf4d3543a99a7e0650f88a947fea251a7589f",
                "sha256:419b9027e92b0b707632c370cfc6dc1f3b43c6313242fc4db57a537029bd179c",
                "sha256:4a92478d6808040fbe614bb61500fbb3f19f72714b99369ec28d26a7e3494115",
                "sha256:54c31de7706d8a9a8c0fc3ea2c70468aba54b027d4974803f8eace9c22aad41c",
                "sha256:5b6c734f4ad28f3defac4890ed747d391d246af279200935d49953bc7d915b8c",
                "sha256:672c209d05661fab8e17607c193bf43991d268a1eefbc2c4551fbf30fd8bb2ca",
                "sha256:682dadcdbd2239af9fdc0c0628e2776b820e128bec88b49b8d692fe682f90b4f",
                "sha256:71514a7d43b44faa1d65a74ad2c5da92c03a251bdc749f009c313f06cceacc9a",
                "sha256:855e8f5787d57e26a48d8c3de1220a8e92ab83be8d73966deac62fdae03ea2f9",
                "sha256:8c4bc535bae0dfa764e8534e893619fe843ce5a2e25f901c439bcb960114f686",
                "sha256:b0ff280b28813e9bfd3a4de99490739fc29b776dc48f1c849caca7239a10fc8b",
                "sha256:c7a7ff355e369616b6bcb41d45b742327c104b2bf1674ec79b8d67f8f2fa9543",
                "sha256:d65a9c1b4cbbd8e856254609f56e897d2cb5c903f77b75fb720cb3a32c76b92b",
                "sha256:ea08341c8a5da00c81df0d689ecd4ee47a95e1ecad9e362581c92513f2068005",
                "sha256:ec47914cc751608e587c1c2fdabeaf4af7fdc28b9f62796c583bea01c1a1aa3e",
                "sha256:fb565469d08dcb0a427def0c45e722323beb62db79454260482b6948bfd52d47"
            ],
            "markers": "python_version >= '3.9'",
            "version": "==12.17.0"
        },
        "qt-material": {
            "hashes": [
                "sha256:660523341ae45b79d222bf15e202ec76ba3bf5e7e82170b66759738d7bb4873d",
                "sha256:b500a0c1f5ef8f46a8cf037d1aa5bdf9ea4eb618180b6332539dfbdd0647ad0d"
            ],
            "index": "pypi",
            "markers": "python_version >= '3.7'",
            "version": "==2.17"
        },
        "typing-extensions": {
            "hashes": [
                "sha256:a439e7c04b49fec3e5d3e2beaa21755cadbbdc391694e28ccdd36ca4a1408f8c",
                "sha256:e6c81219bd689f51865d9e372991c540bda33a0379d5573cddb9a3a23f7caaef"
            ],
            "markers": "python_version >= '3.8'",
            "version": "==4.13.2"
        },
        "windows-toasts": {
            "hashes": [
                "sha256:11fcab5dd2309525271f7f423979e066b9cc04cf434c9b09a341c97490fa239b",
                "sha256:fb1ab71cc3b7c239508dce0acb651a2a5b7dcaee98921dc4e7355ea0a5355998"
            ],
            "index": "pypi",
            "markers": "python_version >= '3.9'",
            "version": "==1.3.1"
        },
        "winrt-runtime": {
            "hashes": [
                "sha256:181ea97c5da9752dd6d3dac2d47739a4b537d433c59be470ae25c094c8168a6b",
                "sha256:1cbb43f3b06fb24b350805c73ef664b9a8a5b3d4987d15aa1c591f7ab6a54147",
                "sha256:216dcf6d7e07448cca6a87ee7a53aba29a9a187043d0a61db11d0a692942344d",
                "sha256:32dfe4190ef1d4c110487588acb4a7fcaf4cc2bbbbc4bbbbe31e7169e67cce38",
                "sha256:378bfded5b8c20b34c0d68be317e05031b37d1c168c50afca40e7af6863934e0",
                "sha256:3d8c5de946a903fdb783645ef72842f53b469cd7c72127930c3239047ec4aaaa",
                "sha256:7d92db2810c2d6c7148c3817b7d57fc2b3e6c433d644a2097485d4c6dfd92cad",
                "sha256:7df71011e51a7a24e63c2266e88cd3024e164ae2f218152d7b66ba6f45915380",
                "sha256:9111f6ff20123ad70122b56693cefb66cc5d4f162cb6a044a34819383e9be59b",
                "sha256:943d01a960a3d3c55da8c98eeb66ec801e2306c17fe70eaad3b97b2fd248368b",
                "sha256:974909e6c0b785054077ff88af827f369641f17865833f592ce2017736e6669c",
                "sha256:975e8000643857b058a29c27b39cc9aa40a74f7f6287f196c1798113aaea088c",
                "sha256:ca3f4c728973194c6b07a18be25ba6d3eee08e6bf5bd6eaec4dee482be30811c",
                "sha256:cb5d0b9b154299ee49426d9a1cdd8551b80e48848dd898c7a8ec053917a3b625",
                "sha256:cedd4cbcc54718348d02a8a1409ef374d4fdfa130bdc3a7f2da9bec66387527b",
                "sha256:d5abb15de1294147ae1d3264e611ec23104e6635e835429d2c24e4d4d6f52788"
            ],
            "markers": "python_version >= '3.9'",
            "version": "==3.1.0"
        },
        "winrt-windows.data.xml.dom": {
            "hashes": [
                "sha256:08dedc2b422b4cfc84e67aa74baed2f03822e131e2959a2d6268cd55861ae055",
                "sha256:0c73578e55c1b78bd815a31c898d187d15d109a6941d6ddd06cf9e03385b538a",
                "sha256:10d0ab2e2d1aad5bfa0040dc1ce74fb79c17ba415233bb7eda5c3529fce1221b",
                "sha256:124e8182b073d12a17b4ca7bce23892786fa9b77751915cd44b2e3b170638b00",
                "sha256:2b47949aa69717a6a741eee62acfc12765412e143b3343d128cc4096ab14b38c",
                "sha256:34fe279156b4cd717c78f8d5985c79dcf4f1f990e276d9d1a7d8ebf82e53b2f9",
                "sha256:3a8da826b28bc9439d28cd8605c0668ef18be291a120dd7eee3083da878a4772",
                "sha256:6f4b38dbe94a141e8ef46310c687dc9ede72c14e9600e8c58be20be24a11fe03",
                "sha256:986c66f69b2baedbc3bd2271b17564fb073a9d24202e31beb3dd53a1f12fab43",
                "sha256:a03ccc90be458f09bd27fb7ceb58222f4c540ca2e2874ac94755770dc28f9d5a",
                "sha256:c0cbd4ad540648064415af9d0ffce25a6e83bfbdd3dbf5863e7489d3daa40084",
                "sha256:cb2b272238d92f234fd7c569c181df6466dcf3321ac08d1fd14440f192718156",
                "sha256:cbf37bc5a6fac3d4890e08c838ce17225f477a9ae5c29fe56f34e190705d01f4",
                "sha256:d5a86c7f892210084d2e371e368e7d88d634465958454168ba591c99b74b985a",
                "sha256:ea180f1ae44ebcc439ab566a29f4cfe241201a18c8e32f287ea38e638e7c3423",
                "sha256:f3419326e22887d615ad0d01df1dad88f23cce8181c6aa71619b27d1c28f8074"
            ],
            "markers": "python_version >= '3.9'",
            "version": "==3.1.0"
        },
        "winrt-windows.foundation": {
            "hashes": [
                "sha256:08bfb0411c9503573437da21a2cd732f634137a37837d8b6cba5393614b1e332",
                "sha256:0a7770d76e0dfd00092c1a3a3ac33455e6aa4fd73b51fd16e787aa1202f31bef",
                "sha256:156b1befb83b8ae8dec504318af75982b565e9d9618396bcb967a44daed6ae78",
                "sha256:183f8aba1cfe06b1ab63aeae7f1bf91055519c096b5df48e6d0fe82f871645d7",
                "sha256:395fd880941ce04e2e089e02452e6e6c4c0b991ba1f5f1f4bbad50c2d30915f5",
                "sha256:3a2f9243b76fe093c74f8aad8cc3c7c93c6ec2a9498817058d85de0a2e9b083d",
                "sha256:3e062b6dfbfc9a2c3ac6f09fd8dc4c0058d258d6d85aec6b588d9f75aa4133ed",
                "sha256:86931ca0a7037799a0719d3975c78477195e11f9dfff1b152bb2efd76d7b99d7",
                "sha256:8764d4df3bc867ff27a125868d29aea2c52c739b0c3b3d55b81dd7fc1c9faff3",
                "sha256:92a8655feea4d2e3279536eb353175fc9172a507f7095cf5cd3cf6187abb0ec5",
                "sha256:ac061519da737221f51fbdea6423fe59c128b76290fc34cba4880e3bbe97127d",
                "sha256:c70ec14daacd121dcddea1b94e1b81671a7cccccf4f18bdf57c79217948e7fc2",
                "sha256:c89b2076117de98848f5356fc16a97444eb0bcabbf2cae12534f6d40c2d6d6e0",
                "sha256:d402081cdab706670af8007e80d12d5c6b37a1c099aa6e976c8cca74fac96fb1",
                "sha256:ee5fd8546a88cb68960ae6ced056af0058212884f7a0f1fde9e3b53a2d1c1030",
                "sha256:fe52ae88265f7bd8853c3ed3801704635702bd8cd084c758c6e5ae303bb5a7ca"
            ],
            "markers": "python_version >= '3.9'",
            "version": "==3.1.0"
        },
        "winrt-windows.foundation.collections": {
            "hashes": [
                "sha256:131a7a4ddde1699ea80d0f7da1610b0aaec719c46bbdbd2bd489d2cd8c7ba7e8",
                "sha256:1762ea1808ebce15ef3509905a07bf6c64b0647e9bfa4edcefc8d7459193c558",
                "sha256:240f37ea59b90645fc910de5b0af495a40a8d1a03fbc01cb5617f0208a028dc7",
                "sha256:4816b260f06ec17b7edd749173291997cb3f418186b135b62b581c487acd22eb",
                "sha256:4bb0e32973b63ea19b59c83a7a2200e6dd2a9607c61a907b77e24f963c240914",
                "sha256:7ab521a42031f8f16898460f2b8efc151c1b7e88ccfb164f6412cce03af533a5",
                "sha256:7c6f692bbc86428871d8e18527df873bd3edf8803ce8d6e8bfa3fa0f14276db5",
                "sha256:adba015d8d2aa67f53a2d52f408a91ed79f4473375b21143d71ceeb9a76f403e",
                "sha256:cd0c1c19c76d15335f51524015c37d4b9766a78888c23ef94462c4e576efd553",
                "sha256:cd95c677dec999327627a9f324d9ee975f9e224107e74c3902aa83d06ca68a86",
                "sha256:d47918c79719e7776298453f27072a10286028cfb359a4b6f3f697d1e6affab6",
                "sha256:d55c56dea94c63c387f4895e9dc1c5fb4713c985b1fde0df8f6888fefb0f106b",
                "sha256:edc32e28d7c3b421d2f77278d5504fee9ad7577660d119feec70b7ef59a9c29c",
                "sha256:ee297077a573bc6ad17b731b326db1bf5818caa7d724b70104fe6bceceaeea12",
                "sha256:f6882b58b04e41310828566ca7f07253dfb4eb87326553936885f9f3b23394da",
                "sha256:fca3e259ae868c57ead51df5d9da2e7dfe938637483e67dfc6d7bfdc80e0c13b"
            ],
            "markers": "python_version >= '3.9'",
            "version": "==3.1.0"
        },
        "winrt-windows.ui.notifications": {
            "hashes": [
                "sha256:26f8873c4c0e1cc77f96b15a5f4a1dd66dcfd83a3e7cb4be39ecc84f907012b3",
                "sha256:2e4988c8fa9a43f4fb77dd0f48256d66ead87c92db415585d34c19f767df4692",
                "sha256:2e4f5b649548ba4b9bb60cf32c4dfa9fa0ca856f49ebb0744a0b0e923d97679e",
                "sha256:3bc64059f6fb66395fa7e690a7afe11774fc470e13ef525857b718ad30be821b",
                "sha256:3eabd14415781ee3709222bddd9862ad061c9cb5c955d1b4454244c1438acf34",
                "sha256:40f1d559004e0aad840c79a6f494f2f48e89c2cfbb72207a7a6127dd452a4aeb",
                "sha256:52879baf9613c2f29341e73696075e3e3d0875578e4709c269edcae064e3c2ad",
                "sha256:659439d9b70ad90b2c8d513281f46e7badc06bf29f636d800568eca47091d7dd",
                "sha256:6b63ca7612bdc963472cd7f5f83694d72d373a531bb8d4b3942d82d0116ac1e8",
                "sha256:6d102e9910af4be2433644de696f95cdde48ea005d37edb6e6cf65b50cc9c945",
                "sha256:93fa5dc40245102a04b4e8b69f2a71aaea045b4a1fdcd8eca19db24241f2496e",
                "sha256:a113ef86ab62d2b625f4adb72b7dc7bf12f7b5abe9f290fe432ea1d9d60d4e21",
                "sha256:a55e8672c8c27427c0f209f80286e5ca9eaae1793dda8933125769b8cefe97ea",
                "sha256:c271d3df1c1638dd82c61addc55d652970326faadd87222596d945727629ceb1",
                "sha256:d8571d3d010ca5031d5c12a9c5c68c47566329d40b683511ac989d71b8f7c9a5",
                "sha256:f174fb5ffb0fe5ce8a506cd74aa2f5a5377e8b8ce1cde6b112a2bc277b745aa5"
            ],
            "markers": "python_version >= '3.9'",
            "version": "==3.1.0"
        }
    },
    "develop": {
        "altgraph": {
            "hashes": [
                "sha256:1b5afbb98f6c4dcadb2e2ae6ab9fa994bbb8c1d75f4fa96d340f9437ae454406",
                "sha256:642743b4750de17e655e6711601b077bc6598dbfa3ba5fa2b2a35ce12b508dff"
            ],
            "version": "==0.17.4"
        },
        "packaging": {
            "hashes": [
                "sha256:09abb1bccd265c01f4a3aa3f7a7db064b36514d2cba19a2f694fe6150451a759",
                "sha256:c228a6dc5e932d346bc5739379109d49e8853dd8223571c7c5b55260edc0b97f"
            ],
            "markers": "python_version >= '3.8'",
            "version": "==24.2"
        },
        "pefile": {
            "hashes": [
                "sha256:82e6114004b3d6911c77c3953e3838654b04511b8b66e8583db70c65998017dc",
                "sha256:da185cd2af68c08a6cd4481f7325ed600a88f6a813bad9dea07ab3ef73d8d8d6"
            ],
            "markers": "python_full_version >= '3.6.0'",
            "version": "==2023.2.7"
        },
        "pyinstaller": {
            "hashes": [
                "sha256:38911feec2c5e215e5159a7e66fdb12400168bd116143b54a8a7a37f08733456",
                "sha256:589937548d34978c568cfdc39f31cf386f45202bc27fdb8facb989c79dfb4c02",
                "sha256:80c568848529635aa7ca46d8d525f68486d53e03f68b7bb5eba2c88d742e302c",
                "sha256:8d4296236b85aae570379488c2da833b28828b17c57c2cc21fccd7e3811fe372",
                "sha256:92efcf2f09e78f07b568c5cb7ed48c9940f5dad627af4b49bede6320fab2a06e",
                "sha256:92fe7337c5aa08d42b38d7a79614492cb571489f2cb0a8f91dc9ef9ccbe01ed3",
                "sha256:9f82f113c463f012faa0e323d952ca30a6f922685d9636e754bd3a256c7ed200",
                "sha256:aa404f0b02cd57948098055e76ee190b8e65ccf7a2a3f048e5000f668317069f",
                "sha256:b7260832f7501ba1d2ce1834d4cddc0f2b94315282bc89c59333433715015447",
                "sha256:bc09795f5954135dd4486c1535650958c8218acb954f43860e4b05fb515a21c0",
                "sha256:d9f21d56ca2443aa6a1e255e7ad285c76453893a454105abe1b4d45e92bb9a20",
                "sha256:db0e7945ebe276f604eb7c36e536479556ab32853412095e19172a5ec8fca1c5"
            ],
            "index": "pypi",
            "markers": "python_version < '3.14' and python_version >= '3.8'",
            "version": "==6.13.0"
        },
        "pyinstaller-hooks-contrib": {
            "hashes": [
                "sha256:0b2bc7697075de5eb071ff13ef4a156d3beae6c19c7cbdcd70f37978d2013e30",
                "sha256:ccdd41bc30290f725f3e48f4a39985d11855af81d614d167e3021e303acb9102"
            ],
            "markers": "python_version >= '3.8'",
            "version": "==2025.2"
        },
        "pywin32-ctypes": {
            "hashes": [
                "sha256:8a1513379d709975552d202d942d9837758905c8d01eb82b8bcc30918929e7b8",
                "sha256:d162dc04946d704503b2edc4d55f3dba5c1d539ead017afa00142c38b9885755"
            ],
            "markers": "python_version >= '3.6'",
            "version": "==0.2.3"
        },
        "setuptools": {
            "hashes": [
                "sha256:c3a9c4211ff4c309edb8b8c4f1cbfa7ae324c4ba9f91ff254e3d305b9fd54561",
                "sha256:fcc17fd9cd898242f6b4adfaca46137a9edef687f43e6f78469692a5e70d851d"
            ],
            "index": "pypi",
            "markers": "python_version >= '3.9'",
            "version": "==78.1.1"
        }
    }
}
