{
  "_meta": {
    "hash": {
      "sha256": "e81bfb280efbab0d689d2299b50481deda38a11a4f53f1e84b1ab54effaf9afc"
    },
    "pipfile-spec": 6,
    "requires": {
      "python_version": "3.9"
    },
    "sources": [
      {
        "name": "pypi",
        "url": "https://pypi.org/simple",
        "verify_ssl": true
      }
    ]
  },
  "default": {
    "context-menu": {
      "hashes": [
        "sha256:478a1b104b105260ea3deb53c1473b277fe11af4ac6cbcfd9d64abfb6cc94daa",
        "sha256:47d49c46a9638ab46090787019cdba5e8285862f1487da702a70ffdd82280f6b"
      ],
      "index": "pypi",
      "markers": "python_version >= '3.7'",
      "version": "==1.4.1"
    },
    "jinja2": {
      "hashes": [
        "sha256:8fefff8dc3034e27bb80d67c671eb8a9bc424c0ef4c0826edbff304cceff43bb",
        "sha256:aba0f4dc9ed8013c424088f68a5c226f7d6097ed89b246d7749c2ec4175c6adb"
      ],
      "index": "pypi",
      "markers": "python_version >= '3.7'",
      "version": "==3.1.5"
    },
    "markupsafe": {
      "hashes": [
        "sha256:0bff5e0ae4ef2e1ae4fdf2dfd5b76c75e5c2fa4132d05fc1b0dabcd20c7e28c4",
        "sha256:0f4ca02bea9a23221c0182836703cbf8930c5e9454bacce27e767509fa286a30",
        "sha256:1225beacc926f536dc82e45f8a4d68502949dc67eea90eab715dea3a21c1b5f0",
        "sha256:131a3c7689c85f5ad20f9f6fb1b866f402c445b220c19fe4308c0b147ccd2ad9",
        "sha256:15ab75ef81add55874e7ab7055e9c397312385bd9ced94920f2802310c930396",
        "sha256:1a9d3f5f0901fdec14d8d2f66ef7d035f2157240a433441719ac9a3fba440b13",
        "sha256:1c99d261bd2d5f6b59325c92c73df481e05e57f19837bdca8413b9eac4bd8028",
        "sha256:1e084f686b92e5b83186b07e8a17fc09e38fff551f3602b249881fec658d3eca",
        "sha256:2181e67807fc2fa785d0592dc2d6206c019b9502410671cc905d132a92866557",
        "sha256:2cb8438c3cbb25e220c2ab33bb226559e7afb3baec11c4f218ffa7308603c832",
        "sha256:3169b1eefae027567d1ce6ee7cae382c57fe26e82775f460f0b2778beaad66c0",
        "sha256:3809ede931876f5b2ec92eef964286840ed3540dadf803dd570c3b7e13141a3b",
        "sha256:38a9ef736c01fccdd6600705b09dc574584b89bea478200c5fbf112a6b0d5579",
        "sha256:3d79d162e7be8f996986c064d1c7c817f6df3a77fe3d6859f6f9e7be4b8c213a",
        "sha256:444dcda765c8a838eaae23112db52f1efaf750daddb2d9ca300bcae1039adc5c",
        "sha256:48032821bbdf20f5799ff537c7ac3d1fba0ba032cfc06194faffa8cda8b560ff",
        "sha256:4aa4e5faecf353ed117801a068ebab7b7e09ffb6e1d5e412dc852e0da018126c",
        "sha256:52305740fe773d09cffb16f8ed0427942901f00adedac82ec8b67752f58a1b22",
        "sha256:569511d3b58c8791ab4c2e1285575265991e6d8f8700c7be0e88f86cb0672094",
        "sha256:57cb5a3cf367aeb1d316576250f65edec5bb3be939e9247ae594b4bcbc317dfb",
        "sha256:5b02fb34468b6aaa40dfc198d813a641e3a63b98c2b05a16b9f80b7ec314185e",
        "sha256:6381026f158fdb7c72a168278597a5e3a5222e83ea18f543112b2662a9b699c5",
        "sha256:6af100e168aa82a50e186c82875a5893c5597a0c1ccdb0d8b40240b1f28b969a",
        "sha256:6c89876f41da747c8d3677a2b540fb32ef5715f97b66eeb0c6b66f5e3ef6f59d",
        "sha256:6e296a513ca3d94054c2c881cc913116e90fd030ad1c656b3869762b754f5f8a",
        "sha256:70a87b411535ccad5ef2f1df5136506a10775d267e197e4cf531ced10537bd6b",
        "sha256:7e94c425039cde14257288fd61dcfb01963e658efbc0ff54f5306b06054700f8",
        "sha256:846ade7b71e3536c4e56b386c2a47adf5741d2d8b94ec9dc3e92e5e1ee1e2225",
        "sha256:88416bd1e65dcea10bc7569faacb2c20ce071dd1f87539ca2ab364bf6231393c",
        "sha256:88b49a3b9ff31e19998750c38e030fc7bb937398b1f78cfa599aaef92d693144",
        "sha256:8c4e8c3ce11e1f92f6536ff07154f9d49677ebaaafc32db9db4620bc11ed480f",
        "sha256:8e06879fc22a25ca47312fbe7c8264eb0b662f6db27cb2d3bbbc74b1df4b9b87",
        "sha256:9025b4018f3a1314059769c7bf15441064b2207cb3f065e6ea1e7359cb46db9d",
        "sha256:93335ca3812df2f366e80509ae119189886b0f3c2b81325d39efdb84a1e2ae93",
        "sha256:9778bd8ab0a994ebf6f84c2b949e65736d5575320a17ae8984a77fab08db94cf",
        "sha256:9e2d922824181480953426608b81967de705c3cef4d1af983af849d7bd619158",
        "sha256:a123e330ef0853c6e822384873bef7507557d8e4a082961e1defa947aa59ba84",
        "sha256:a904af0a6162c73e3edcb969eeeb53a63ceeb5d8cf642fade7d39e7963a22ddb",
        "sha256:ad10d3ded218f1039f11a75f8091880239651b52e9bb592ca27de44eed242a48",
        "sha256:b424c77b206d63d500bcb69fa55ed8d0e6a3774056bdc4839fc9298a7edca171",
        "sha256:b5a6b3ada725cea8a5e634536b1b01c30bcdcd7f9c6fff4151548d5bf6b3a36c",
        "sha256:ba8062ed2cf21c07a9e295d5b8a2a5ce678b913b45fdf68c32d95d6c1291e0b6",
        "sha256:ba9527cdd4c926ed0760bc301f6728ef34d841f405abf9d4f959c478421e4efd",
        "sha256:bbcb445fa71794da8f178f0f6d66789a28d7319071af7a496d4d507ed566270d",
        "sha256:bcf3e58998965654fdaff38e58584d8937aa3096ab5354d493c77d1fdd66d7a1",
        "sha256:c0ef13eaeee5b615fb07c9a7dadb38eac06a0608b41570d8ade51c56539e509d",
        "sha256:cabc348d87e913db6ab4aa100f01b08f481097838bdddf7c7a84b7575b7309ca",
        "sha256:cdb82a876c47801bb54a690c5ae105a46b392ac6099881cdfb9f6e95e4014c6a",
        "sha256:cfad01eed2c2e0c01fd0ecd2ef42c492f7f93902e39a42fc9ee1692961443a29",
        "sha256:d16a81a06776313e817c951135cf7340a3e91e8c1ff2fac444cfd75fffa04afe",
        "sha256:d8213e09c917a951de9d09ecee036d5c7d36cb6cb7dbaece4c71a60d79fb9798",
        "sha256:e07c3764494e3776c602c1e78e298937c3315ccc9043ead7e685b7f2b8d47b3c",
        "sha256:e17c96c14e19278594aa4841ec148115f9c7615a47382ecb6b82bd8fea3ab0c8",
        "sha256:e444a31f8db13eb18ada366ab3cf45fd4b31e4db1236a4448f68778c1d1a5a2f",
        "sha256:e6a2a455bd412959b57a172ce6328d2dd1f01cb2135efda2e4576e8a23fa3b0f",
        "sha256:eaa0a10b7f72326f1372a713e73c3f739b524b3af41feb43e4921cb529f5929a",
        "sha256:eb7972a85c54febfb25b5c4b4f3af4dcc731994c7da0d8a0b4a6eb0640e1d178",
        "sha256:ee55d3edf80167e48ea11a923c7386f4669df67d7994554387f84e7d8b0a2bf0",
        "sha256:f3818cb119498c0678015754eba762e0d61e5b52d34c8b13d770f0719f7b1d79",
        "sha256:f8b3d067f2e40fe93e1ccdd6b2e1d16c43140e76f02fb1319a05cf2b79d99430",
        "sha256:fcabf5ff6eea076f859677f5f0b6b5c1a51e70a376b0579e0eadef8db48c6b50"
      ],
      "markers": "python_version >= '3.9'",
      "version": "==3.0.2"
    },
    "pyqt5": {
      "hashes": [
        "sha256:6cd75628f6e732b1ffcfe709ab833a0716c0445d7aec8046a48d5843352becb6",
        "sha256:76be0322ceda5deecd1708a8d628e698089a1cea80d1a49d242a6d579a40babd",
        "sha256:bdde598a3bb95022131a5c9ea62e0a96bd6fb28932cc1619fd7ba211531b7517",
        "sha256:c8b03dd9380bb13c804f0bdb0f4956067f281785b5e12303d529f0462f9afdc2",
        "sha256:cd672a6738d1ae33ef7d9efa8e6cb0a1525ecf53ec86da80a9e1b6ec38c8d0f1",
        "sha256:fda45743ebb4a27b4b1a51c6d8ef455c4c1b5d610c90d2934c7802b5c1557c52"
      ],
      "index": "pypi",
      "markers": "python_version >= '3.8'",
      "version": "==5.15.11"
    },
    "pyqt5-qt5": {
      "hashes": [
        "sha256:18b6fec012de60921fcb131cf2a21368171dc29050d43e4b81a64be407a36105",
        "sha256:2cfa8f50dd29618ef98f29355f83d8a5f3e41003be22128e9b5d94d214b6b468",
        "sha256:5ee1754a6460849cba76c0f0c490c0ccc3b514abc780b141cf772db22b76b54b",
        "sha256:e1a0e7ae35a7615c74a293705204579650930486a89af23082462f429dae504a"
      ],
      "version": "==5.15.16"
    },
    "pyqt5-sip": {
      "hashes": [
        "sha256:023466ae96f72fbb8419b44c3f97475de6642fa5632520d0f50fc1a52a3e8200",
        "sha256:0c75d28b8282be3c1d7dbc76950d6e6eba1e334783224e9b9835ce1a9c64f482",
        "sha256:2c912807dd638644168ea8c7a447bfd9d85a19471b98c2c588c4d2e911c09b0a",
        "sha256:2f2a8dcc7626fe0da73a0918e05ce2460c7a14ddc946049310e6e35052105434",
        "sha256:32b03e7e77ecd7b4119eba486b0706fa59b490bcceb585f9b6ddec8a582082db",
        "sha256:351beab964a19f5671b2a3e816ecf4d3543a99a7e0650f88a947fea251a7589f",
        "sha256:419b9027e92b0b707632c370cfc6dc1f3b43c6313242fc4db57a537029bd179c",
        "sha256:4a92478d6808040fbe614bb61500fbb3f19f72714b99369ec28d26a7e3494115",
        "sha256:54c31de7706d8a9a8c0fc3ea2c70468aba54b027d4974803f8eace9c22aad41c",
        "sha256:5b6c734f4ad28f3defac4890ed747d391d246af279200935d49953bc7d915b8c",
        "sha256:672c209d05661fab8e17607c193bf43991d268a1eefbc2c4551fbf30fd8bb2ca",
        "sha256:682dadcdbd2239af9fdc0c0628e2776b820e128bec88b49b8d692fe682f90b4f",
        "sha256:71514a7d43b44faa1d65a74ad2c5da92c03a251bdc749f009c313f06cceacc9a",
        "sha256:855e8f5787d57e26a48d8c3de1220a8e92ab83be8d73966deac62fdae03ea2f9",
        "sha256:8c4bc535bae0dfa764e8534e893619fe843ce5a2e25f901c439bcb960114f686",
        "sha256:b0ff280b28813e9bfd3a4de99490739fc29b776dc48f1c849caca7239a10fc8b",
        "sha256:c7a7ff355e369616b6bcb41d45b742327c104b2bf1674ec79b8d67f8f2fa9543",
        "sha256:d65a9c1b4cbbd8e856254609f56e897d2cb5c903f77b75fb720cb3a32c76b92b",
        "sha256:ea08341c8a5da00c81df0d689ecd4ee47a95e1ecad9e362581c92513f2068005",
        "sha256:ec47914cc751608e587c1c2fdabeaf4af7fdc28b9f62796c583bea01c1a1aa3e",
        "sha256:fb565469d08dcb0a427def0c45e722323beb62db79454260482b6948bfd52d47"
      ],
      "markers": "python_version >= '3.9'",
      "version": "==12.17.0"
    },
    "qt-material": {
      "hashes": [
        "sha256:b5dbb5ade97217cf7ae336bb7c047c90beb39dc7f2048a498c916ad5f2f7ae23",
        "sha256:ceddd9b3aca167e5d620644ce350c3df4c0220c5df457ab6059f634d7ac747e3"
      ],
      "index": "pypi",
      "markers": "python_version >= '3.7'",
      "version": "==2.14"
    },
    "winotify": {
      "hashes": [
        "sha256:13aa9b1196b02ab3e699645b4407371ca73348421f8662565100d70c7cf552d9",
        "sha256:f8a0d6ff00cb2c1b3dcdfe825431f46f6aa5dc8ce84ffc59e8fda8c7e36687fe"
      ],
      "index": "pypi",
      "version": "==1.1.0"
    }
  },
  "develop": {}
}
